
Microsoft Visual Studio Solution File, Format Version 12.00
# Visual Studio Version 16
VisualStudioVersion = 16.0.30611.23
MinimumVisualStudioVersion = 10.0.40219.1
Project("{FAE04EC0-301F-11D3-BF4B-00C04F79EFBC}") = "CodeFirst", "CodeFirst\CodeFirst.csproj", "{443C3B4E-8C19-4C87-986A-46786EDD257F}"
EndProject
Global
	GlobalSection(SolutionConfigurationPlatforms) = preSolution
		Debug|Any CPU = Debug|Any CPU
		Release|Any CPU = Release|Any CPU
	EndGlobalSection
	GlobalSection(ProjectConfigurationPlatforms) = postSolution
		{443C3B4E-8C19-4C87-986A-46786EDD257F}.Debug|Any CPU.ActiveCfg = Debug|Any CPU
		{443C3B4E-8C19-4C87-986A-46786EDD257F}.Debug|Any CPU.Build.0 = Debug|Any CPU
		{443C3B4E-8C19-4C87-986A-46786EDD257F}.Release|Any CPU.ActiveCfg = Release|Any CPU
		{443C3B4E-8C19-4C87-986A-46786EDD257F}.Release|Any CPU.Build.0 = Release|Any CPU
	EndGlobalSection
	GlobalSection(SolutionProperties) = preSolution
		HideSolutionNode = FALSE
	EndGlobalSection
	GlobalSection(ExtensibilityGlobals) = postSolution
		SolutionGuid = {9A253D47-D808-4133-9964-A51A055A7903}
	EndGlobalSection
EndGlobal
